// !$*UTF8*$!
{
	archiveVersion = 1;
	classes = {
	};
	objectVersion = 56;
	objects = {

/* Begin PBXBuildFile section */
		194B02FD2BE55B840030CEC9 /* AppDelegate.swift in Sources */ = {isa = PBXBuildFile; fileRef = 194B02FC2BE55B840030CEC9 /* AppDelegate.swift */; };
		194B02FF2BE55B840030CEC9 /* SceneDelegate.swift in Sources */ = {isa = PBXBuildFile; fileRef = 194B02FE2BE55B840030CEC9 /* SceneDelegate.swift */; };
		194B03042BE55B840030CEC9 /* Main.storyboard in Resources */ = {isa = PBXBuildFile; fileRef = 194B03022BE55B840030CEC9 /* Main.storyboard */; };
		194B03062BE55B880030CEC9 /* Assets.xcassets in Resources */ = {isa = PBXBuildFile; fileRef = 194B03052BE55B880030CEC9 /* Assets.xcassets */; };
		194B03092BE55B880030CEC9 /* LaunchScreen.storyboard in Resources */ = {isa = PBXBuildFile; fileRef = 194B03072BE55B880030CEC9 /* LaunchScreen.storyboard */; };
		194B031C2BE55EE80030CEC9 /* Product.swift in Sources */ = {isa = PBXBuildFile; fileRef = 194B031B2BE55EE80030CEC9 /* Product.swift */; };
		194B031E2BE5606D0030CEC9 /* APIManager.swift in Sources */ = {isa = PBXBuildFile; fileRef = 194B031D2BE5606D0030CEC9 /* APIManager.swift */; };
		194B03202BE5657B0030CEC9 /* Constant.swift in Sources */ = {isa = PBXBuildFile; fileRef = 194B031F2BE5657B0030CEC9 /* Constant.swift */; };
		194B03222BE56EE70030CEC9 /* ProductListViewController.swift in Sources */ = {isa = PBXBuildFile; fileRef = 194B03212BE56EE70030CEC9 /* ProductListViewController.swift */; };
		194B03242BE570470030CEC9 /* ProductViewModel.swift in Sources */ = {isa = PBXBuildFile; fileRef = 194B03232BE570470030CEC9 /* ProductViewModel.swift */; };
		194B03272BE5F9B40030CEC9 /* ProductCell.swift in Sources */ = {isa = PBXBuildFile; fileRef = 194B03252BE5F9B40030CEC9 /* ProductCell.swift */; };
		194B03282BE5F9B40030CEC9 /* ProductCell.xib in Resources */ = {isa = PBXBuildFile; fileRef = 194B03262BE5F9B40030CEC9 /* ProductCell.xib */; };
		194B032B2BE60E160030CEC9 /* Kingfisher in Frameworks */ = {isa = PBXBuildFile; productRef = 194B032A2BE60E160030CEC9 /* Kingfisher */; };
		194B032D2BE60E580030CEC9 /* UIImageView + Extension.swift in Sources */ = {isa = PBXBuildFile; fileRef = 194B032C2BE60E580030CEC9 /* UIImageView + Extension.swift */; };
		194B03302BE7375C0030CEC9 /* EndPointType.swift in Sources */ = {isa = PBXBuildFile; fileRef = 194B032F2BE7375C0030CEC9 /* EndPointType.swift */; };
/* End PBXBuildFile section */

/* Begin PBXFileReference section */
		194B02F92BE55B840030CEC9 /* Products MVVM.app */ = {isa = PBXFileReference; explicitFileType = wrapper.application; includeInIndex = 0; path = "Products MVVM.app"; sourceTree = BUILT_PRODUCTS_DIR; };
		194B02FC2BE55B840030CEC9 /* AppDelegate.swift */ = {isa = PBXFileReference; lastKnownFileType = sourcecode.swift; path = AppDelegate.swift; sourceTree = "<group>"; };
		194B02FE2BE55B840030CEC9 /* SceneDelegate.swift */ = {isa = PBXFileReference; lastKnownFileType = sourcecode.swift; path = SceneDelegate.swift; sourceTree = "<group>"; };
		194B03032BE55B840030CEC9 /* Base */ = {isa = PBXFileReference; lastKnownFileType = file.storyboard; name = Base; path = Base.lproj/Main.storyboard; sourceTree = "<group>"; };
		194B03052BE55B880030CEC9 /* Assets.xcassets */ = {isa = PBXFileReference; lastKnownFileType = folder.assetcatalog; path = Assets.xcassets; sourceTree = "<group>"; };
		194B03082BE55B880030CEC9 /* Base */ = {isa = PBXFileReference; lastKnownFileType = file.storyboard; name = Base; path = Base.lproj/LaunchScreen.storyboard; sourceTree = "<group>"; };
		194B030A2BE55B880030CEC9 /* Info.plist */ = {isa = PBXFileReference; lastKnownFileType = text.plist.xml; path = Info.plist; sourceTree = "<group>"; };
		194B031B2BE55EE80030CEC9 /* Product.swift */ = {isa = PBXFileReference; lastKnownFileType = sourcecode.swift; path = Product.swift; sourceTree = "<group>"; };
		194B031D2BE5606D0030CEC9 /* APIManager.swift */ = {isa = PBXFileReference; lastKnownFileType = sourcecode.swift; path = APIManager.swift; sourceTree = "<group>"; };
		194B031F2BE5657B0030CEC9 /* Constant.swift */ = {isa = PBXFileReference; lastKnownFileType = sourcecode.swift; path = Constant.swift; sourceTree = "<group>"; };
		194B03212BE56EE70030CEC9 /* ProductListViewController.swift */ = {isa = PBXFileReference; lastKnownFileType = sourcecode.swift; path = ProductListViewController.swift; sourceTree = "<group>"; };
		194B03232BE570470030CEC9 /* ProductViewModel.swift */ = {isa = PBXFileReference; lastKnownFileType = sourcecode.swift; path = ProductViewModel.swift; sourceTree = "<group>"; };
		194B03252BE5F9B40030CEC9 /* ProductCell.swift */ = {isa = PBXFileReference; lastKnownFileType = sourcecode.swift; path = ProductCell.swift; sourceTree = "<group>"; };
		194B03262BE5F9B40030CEC9 /* ProductCell.xib */ = {isa = PBXFileReference; lastKnownFileType = file.xib; path = ProductCell.xib; sourceTree = "<group>"; };
		194B032C2BE60E580030CEC9 /* UIImageView + Extension.swift */ = {isa = PBXFileReference; lastKnownFileType = sourcecode.swift; path = "UIImageView + Extension.swift"; sourceTree = "<group>"; };
		194B032F2BE7375C0030CEC9 /* EndPointType.swift */ = {isa = PBXFileReference; lastKnownFileType = sourcecode.swift; path = EndPointType.swift; sourceTree = "<group>"; };
/* End PBXFileReference section */

/* Begin PBXFrameworksBuildPhase section */
		194B02F62BE55B840030CEC9 /* Frameworks */ = {
			isa = PBXFrameworksBuildPhase;
			buildActionMask = 2147483647;
			files = (
				194B032B2BE60E160030CEC9 /* Kingfisher in Frameworks */,
			);
			runOnlyForDeploymentPostprocessing = 0;
		};
/* End PBXFrameworksBuildPhase section */

/* Begin PBXGroup section */
		194B02F02BE55B840030CEC9 = {
			isa = PBXGroup;
			children = (
				194B02FB2BE55B840030CEC9 /* Products MVVM */,
				194B02FA2BE55B840030CEC9 /* Products */,
			);
			sourceTree = "<group>";
		};
		194B02FA2BE55B840030CEC9 /* Products */ = {
			isa = PBXGroup;
			children = (
				194B02F92BE55B840030CEC9 /* Products MVVM.app */,
			);
			name = Products;
			sourceTree = "<group>";
		};
		194B02FB2BE55B840030CEC9 /* Products MVVM */ = {
			isa = PBXGroup;
			children = (
				194B03162BE55C470030CEC9 /* Application */,
				194B03152BE55C420030CEC9 /* Extentions */,
				194B03142BE55C3E0030CEC9 /* Constant */,
				194B032E2BE736B20030CEC9 /* Utility */,
				194B03132BE55C370030CEC9 /* Helper */,
				194B03122BE55C2E0030CEC9 /* Screens */,
				194B03112BE55C2B0030CEC9 /* Storyboard */,
				194B03102BE55C200030CEC9 /* Resources */,
				194B030A2BE55B880030CEC9 /* Info.plist */,
			);
			path = "Products MVVM";
			sourceTree = "<group>";
		};
		194B03102BE55C200030CEC9 /* Resources */ = {
			isa = PBXGroup;
			children = (
				194B03052BE55B880030CEC9 /* Assets.xcassets */,
			);
			path = Resources;
			sourceTree = "<group>";
		};
		194B03112BE55C2B0030CEC9 /* Storyboard */ = {
			isa = PBXGroup;
			children = (
				194B03022BE55B840030CEC9 /* Main.storyboard */,
				194B03072BE55B880030CEC9 /* LaunchScreen.storyboard */,
			);
			path = Storyboard;
			sourceTree = "<group>";
		};
		194B03122BE55C2E0030CEC9 /* Screens */ = {
			isa = PBXGroup;
			children = (
				194B03172BE55DA20030CEC9 /* Product */,
			);
			path = Screens;
			sourceTree = "<group>";
		};
		194B03132BE55C370030CEC9 /* Helper */ = {
			isa = PBXGroup;
			children = (
				194B031D2BE5606D0030CEC9 /* APIManager.swift */,
			);
			path = Helper;
			sourceTree = "<group>";
		};
		194B03142BE55C3E0030CEC9 /* Constant */ = {
			isa = PBXGroup;
			children = (
				194B031F2BE5657B0030CEC9 /* Constant.swift */,
			);
			path = Constant;
			sourceTree = "<group>";
		};
		194B03152BE55C420030CEC9 /* Extentions */ = {
			isa = PBXGroup;
			children = (
				194B032C2BE60E580030CEC9 /* UIImageView + Extension.swift */,
			);
			path = Extentions;
			sourceTree = "<group>";
		};
		194B03162BE55C470030CEC9 /* Application */ = {
			isa = PBXGroup;
			children = (
				194B02FC2BE55B840030CEC9 /* AppDelegate.swift */,
				194B02FE2BE55B840030CEC9 /* SceneDelegate.swift */,
			);
			path = Application;
			sourceTree = "<group>";
		};
		194B03172BE55DA20030CEC9 /* Product */ = {
			isa = PBXGroup;
			children = (
				194B031A2BE55DC50030CEC9 /* Model */,
				194B03192BE55DC30030CEC9 /* View */,
				194B03182BE55DBF0030CEC9 /* ViewModel */,
			);
			path = Product;
			sourceTree = "<group>";
		};
		194B03182BE55DBF0030CEC9 /* ViewModel */ = {
			isa = PBXGroup;
			children = (
				194B03232BE570470030CEC9 /* ProductViewModel.swift */,
			);
			path = ViewModel;
			sourceTree = "<group>";
		};
		194B03192BE55DC30030CEC9 /* View */ = {
			isa = PBXGroup;
			children = (
				194B03212BE56EE70030CEC9 /* ProductListViewController.swift */,
				194B03252BE5F9B40030CEC9 /* ProductCell.swift */,
				194B03262BE5F9B40030CEC9 /* ProductCell.xib */,
			);
			path = View;
			sourceTree = "<group>";
		};
		194B031A2BE55DC50030CEC9 /* Model */ = {
			isa = PBXGroup;
			children = (
				194B031B2BE55EE80030CEC9 /* Product.swift */,
			);
			path = Model;
			sourceTree = "<group>";
		};
		194B032E2BE736B20030CEC9 /* Utility */ = {
			isa = PBXGroup;
			children = (
				194B032F2BE7375C0030CEC9 /* EndPointType.swift */,
			);
			path = Utility;
			sourceTree = "<group>";
		};
/* End PBXGroup section */

/* Begin PBXNativeTarget section */
		194B02F82BE55B840030CEC9 /* Products MVVM */ = {
			isa = PBXNativeTarget;
			buildConfigurationList = 194B030D2BE55B880030CEC9 /* Build configuration list for PBXNativeTarget "Products MVVM" */;
			buildPhases = (
				194B02F52BE55B840030CEC9 /* Sources */,
				194B02F62BE55B840030CEC9 /* Frameworks */,
				194B02F72BE55B840030CEC9 /* Resources */,
			);
			buildRules = (
			);
			dependencies = (
			);
			name = "Products MVVM";
			packageProductDependencies = (
				194B032A2BE60E160030CEC9 /* Kingfisher */,
			);
			productName = "Products MVVM";
			productReference = 194B02F92BE55B840030CEC9 /* Products MVVM.app */;
			productType = "com.apple.product-type.application";
		};
/* End PBXNativeTarget section */

/* Begin PBXProject section */
		194B02F12BE55B840030CEC9 /* Project object */ = {
			isa = PBXProject;
			attributes = {
				BuildIndependentTargetsInParallel = 1;
				LastSwiftUpdateCheck = 1520;
				LastUpgradeCheck = 1520;
				TargetAttributes = {
					194B02F82BE55B840030CEC9 = {
						CreatedOnToolsVersion = 15.2;
					};
				};
			};
			buildConfigurationList = 194B02F42BE55B840030CEC9 /* Build configuration list for PBXProject "Products MVVM" */;
			compatibilityVersion = "Xcode 14.0";
			developmentRegion = en;
			hasScannedForEncodings = 0;
			knownRegions = (
				en,
				Base,
			);
			mainGroup = 194B02F02BE55B840030CEC9;
			packageReferences = (
				194B03292BE60E160030CEC9 /* XCRemoteSwiftPackageReference "Kingfisher" */,
			);
			productRefGroup = 194B02FA2BE55B840030CEC9 /* Products */;
			projectDirPath = "";
			projectRoot = "";
			targets = (
				194B02F82BE55B840030CEC9 /* Products MVVM */,
			);
		};
/* End PBXProject section */

/* Begin PBXResourcesBuildPhase section */
		194B02F72BE55B840030CEC9 /* Resources */ = {
			isa = PBXResourcesBuildPhase;
			buildActionMask = 2147483647;
			files = (
				194B03092BE55B880030CEC9 /* LaunchScreen.storyboard in Resources */,
				194B03282BE5F9B40030CEC9 /* ProductCell.xib in Resources */,
				194B03062BE55B880030CEC9 /* Assets.xcassets in Resources */,
				194B03042BE55B840030CEC9 /* Main.storyboard in Resources */,
			);
			runOnlyForDeploymentPostprocessing = 0;
		};
/* End PBXResourcesBuildPhase section */

/* Begin PBXSourcesBuildPhase section */
		194B02F52BE55B840030CEC9 /* Sources */ = {
			isa = PBXSourcesBuildPhase;
			buildActionMask = 2147483647;
			files = (
				194B032D2BE60E580030CEC9 /* UIImageView + Extension.swift in Sources */,
				194B03242BE570470030CEC9 /* ProductViewModel.swift in Sources */,
				194B031E2BE5606D0030CEC9 /* APIManager.swift in Sources */,
				194B02FD2BE55B840030CEC9 /* AppDelegate.swift in Sources */,
				194B03202BE5657B0030CEC9 /* Constant.swift in Sources */,
				194B02FF2BE55B840030CEC9 /* SceneDelegate.swift in Sources */,
				194B03272BE5F9B40030CEC9 /* ProductCell.swift in Sources */,
				194B03222BE56EE70030CEC9 /* ProductListViewController.swift in Sources */,
				194B03302BE7375C0030CEC9 /* EndPointType.swift in Sources */,
				194B031C2BE55EE80030CEC9 /* Product.swift in Sources */,
			);
			runOnlyForDeploymentPostprocessing = 0;
		};
/* End PBXSourcesBuildPhase section */

/* Begin PBXVariantGroup section */
		194B03022BE55B840030CEC9 /* Main.storyboard */ = {
			isa = PBXVariantGroup;
			children = (
				194B03032BE55B840030CEC9 /* Base */,
			);
			name = Main.storyboard;
			sourceTree = "<group>";
		};
		194B03072BE55B880030CEC9 /* LaunchScreen.storyboard */ = {
			isa = PBXVariantGroup;
			children = (
				194B03082BE55B880030CEC9 /* Base */,
			);
			name = LaunchScreen.storyboard;
			sourceTree = "<group>";
		};
/* End PBXVariantGroup section */

/* Begin XCBuildConfiguration section */
		194B030B2BE55B880030CEC9 /* Debug */ = {
			isa = XCBuildConfiguration;
			buildSettings = {
				ALWAYS_SEARCH_USER_PATHS = NO;
				ASSETCATALOG_COMPILER_GENERATE_SWIFT_ASSET_SYMBOL_EXTENSIONS = YES;
				CLANG_ANALYZER_NONNULL = YES;
				CLANG_ANALYZER_NUMBER_OBJECT_CONVERSION = YES_AGGRESSIVE;
				CLANG_CXX_LANGUAGE_STANDARD = "gnu++20";
				CLANG_ENABLE_MODULES = YES;
				CLANG_ENABLE_OBJC_ARC = YES;
				CLANG_ENABLE_OBJC_WEAK = YES;
				CLANG_WARN_BLOCK_CAPTURE_AUTORELEASING = YES;
				CLANG_WARN_BOOL_CONVERSION = YES;
				CLANG_WARN_COMMA = YES;
				CLANG_WARN_CONSTANT_CONVERSION = YES;
				CLANG_WARN_DEPRECATED_OBJC_IMPLEMENTATIONS = YES;
				CLANG_WARN_DIRECT_OBJC_ISA_USAGE = YES_ERROR;
				CLANG_WARN_DOCUMENTATION_COMMENTS = YES;
				CLANG_WARN_EMPTY_BODY = YES;
				CLANG_WARN_ENUM_CONVERSION = YES;
				CLANG_WARN_INFINITE_RECURSION = YES;
				CLANG_WARN_INT_CONVERSION = YES;
				CLANG_WARN_NON_LITERAL_NULL_CONVERSION = YES;
				CLANG_WARN_OBJC_IMPLICIT_RETAIN_SELF = YES;
				CLANG_WARN_OBJC_LITERAL_CONVERSION = YES;
				CLANG_WARN_OBJC_ROOT_CLASS = YES_ERROR;
				CLANG_WARN_QUOTED_INCLUDE_IN_FRAMEWORK_HEADER = YES;
				CLANG_WARN_RANGE_LOOP_ANALYSIS = YES;
				CLANG_WARN_STRICT_PROTOTYPES = YES;
				CLANG_WARN_SUSPICIOUS_MOVE = YES;
				CLANG_WARN_UNGUARDED_AVAILABILITY = YES_AGGRESSIVE;
				CLANG_WARN_UNREACHABLE_CODE = YES;
				CLANG_WARN__DUPLICATE_METHOD_MATCH = YES;
				COPY_PHASE_STRIP = NO;
				DEBUG_INFORMATION_FORMAT = dwarf;
				ENABLE_STRICT_OBJC_MSGSEND = YES;
				ENABLE_TESTABILITY = YES;
				ENABLE_USER_SCRIPT_SANDBOXING = YES;
				GCC_C_LANGUAGE_STANDARD = gnu17;
				GCC_DYNAMIC_NO_PIC = NO;
				GCC_NO_COMMON_BLOCKS = YES;
				GCC_OPTIMIZATION_LEVEL = 0;
				GCC_PREPROCESSOR_DEFINITIONS = (
					"DEBUG=1",
					"$(inherited)",
				);
				GCC_WARN_64_TO_32_BIT_CONVERSION = YES;
				GCC_WARN_ABOUT_RETURN_TYPE = YES_ERROR;
				GCC_WARN_UNDECLARED_SELECTOR = YES;
				GCC_WARN_UNINITIALIZED_AUTOS = YES_AGGRESSIVE;
				GCC_WARN_UNUSED_FUNCTION = YES;
				GCC_WARN_UNUSED_VARIABLE = YES;
				IPHONEOS_DEPLOYMENT_TARGET = 17.2;
				LOCALIZATION_PREFERS_STRING_CATALOGS = YES;
				MTL_ENABLE_DEBUG_INFO = INCLUDE_SOURCE;
				MTL_FAST_MATH = YES;
				ONLY_ACTIVE_ARCH = YES;
				SDKROOT = iphoneos;
				SWIFT_ACTIVE_COMPILATION_CONDITIONS = "DEBUG $(inherited)";
				SWIFT_OPTIMIZATION_LEVEL = "-Onone";
			};
			name = Debug;
		};
		194B030C2BE55B880030CEC9 /* Release */ = {
			isa = XCBuildConfiguration;
			buildSettings = {
				ALWAYS_SEARCH_USER_PATHS = NO;
				ASSETCATALOG_COMPILER_GENERATE_SWIFT_ASSET_SYMBOL_EXTENSIONS = YES;
				CLANG_ANALYZER_NONNULL = YES;
				CLANG_ANALYZER_NUMBER_OBJECT_CONVERSION = YES_AGGRESSIVE;
				CLANG_CXX_LANGUAGE_STANDARD = "gnu++20";
				CLANG_ENABLE_MODULES = YES;
				CLANG_ENABLE_OBJC_ARC = YES;
				CLANG_ENABLE_OBJC_WEAK = YES;
				CLANG_WARN_BLOCK_CAPTURE_AUTORELEASING = YES;
				CLANG_WARN_BOOL_CONVERSION = YES;
				CLANG_WARN_COMMA = YES;
				CLANG_WARN_CONSTANT_CONVERSION = YES;
				CLANG_WARN_DEPRECATED_OBJC_IMPLEMENTATIONS = YES;
				CLANG_WARN_DIRECT_OBJC_ISA_USAGE = YES_ERROR;
				CLANG_WARN_DOCUMENTATION_COMMENTS = YES;
				CLANG_WARN_EMPTY_BODY = YES;
				CLANG_WARN_ENUM_CONVERSION = YES;
				CLANG_WARN_INFINITE_RECURSION = YES;
				CLANG_WARN_INT_CONVERSION = YES;
				CLANG_WARN_NON_LITERAL_NULL_CONVERSION = YES;
				CLANG_WARN_OBJC_IMPLICIT_RETAIN_SELF = YES;
				CLANG_WARN_OBJC_LITERAL_CONVERSION = YES;
				CLANG_WARN_OBJC_ROOT_CLASS = YES_ERROR;
				CLANG_WARN_QUOTED_INCLUDE_IN_FRAMEWORK_HEADER = YES;
				CLANG_WARN_RANGE_LOOP_ANALYSIS = YES;
				CLANG_WARN_STRICT_PROTOTYPES = YES;
				CLANG_WARN_SUSPICIOUS_MOVE = YES;
				CLANG_WARN_UNGUARDED_AVAILABILITY = YES_AGGRESSIVE;
				CLANG_WARN_UNREACHABLE_CODE = YES;
				CLANG_WARN__DUPLICATE_METHOD_MATCH = YES;
				COPY_PHASE_STRIP = NO;
				DEBUG_INFORMATION_FORMAT = "dwarf-with-dsym";
				ENABLE_NS_ASSERTIONS = NO;
				ENABLE_STRICT_OBJC_MSGSEND = YES;
				ENABLE_USER_SCRIPT_SANDBOXING = YES;
				GCC_C_LANGUAGE_STANDARD = gnu17;
				GCC_NO_COMMON_BLOCKS = YES;
				GCC_WARN_64_TO_32_BIT_CONVERSION = YES;
				GCC_WARN_ABOUT_RETURN_TYPE = YES_ERROR;
				GCC_WARN_UNDECLARED_SELECTOR = YES;
				GCC_WARN_UNINITIALIZED_AUTOS = YES_AGGRESSIVE;
				GCC_WARN_UNUSED_FUNCTION = YES;
				GCC_WARN_UNUSED_VARIABLE = YES;
				IPHONEOS_DEPLOYMENT_TARGET = 17.2;
				LOCALIZATION_PREFERS_STRING_CATALOGS = YES;
				MTL_ENABLE_DEBUG_INFO = NO;
				MTL_FAST_MATH = YES;
				SDKROOT = iphoneos;
				SWIFT_COMPILATION_MODE = wholemodule;
				VALIDATE_PRODUCT = YES;
			};
			name = Release;
		};
		194B030E2BE55B880030CEC9 /* Debug */ = {
			isa = XCBuildConfiguration;
			buildSettings = {
				ASSETCATALOG_COMPILER_APPICON_NAME = AppIcon;
				ASSETCATALOG_COMPILER_GLOBAL_ACCENT_COLOR_NAME = AccentColor;
				CODE_SIGN_STYLE = Automatic;
				CURRENT_PROJECT_VERSION = 1;
				DEVELOPMENT_TEAM = PSWHLPCFB2;
				GENERATE_INFOPLIST_FILE = YES;
				INFOPLIST_FILE = "Products MVVM/Info.plist";
				INFOPLIST_KEY_UIApplicationSupportsIndirectInputEvents = YES;
				INFOPLIST_KEY_UILaunchStoryboardName = LaunchScreen;
				INFOPLIST_KEY_UIMainStoryboardFile = Main;
				INFOPLIST_KEY_UISupportedInterfaceOrientations_iPad = "UIInterfaceOrientationPortrait UIInterfaceOrientationPortraitUpsideDown UIInterfaceOrientationLandscapeLeft UIInterfaceOrientationLandscapeRight";
				INFOPLIST_KEY_UISupportedInterfaceOrientations_iPhone = "UIInterfaceOrientationPortrait UIInterfaceOrientationLandscapeLeft UIInterfaceOrientationLandscapeRight";
				LD_RUNPATH_SEARCH_PATHS = (
					"$(inherited)",
					"@executable_path/Frameworks",
				);
				MARKETING_VERSION = 1.0;
				PRODUCT_BUNDLE_IDENTIFIER = "Preet-Pambhar.Products-MVVM";
				PRODUCT_NAME = "$(TARGET_NAME)";
				SWIFT_EMIT_LOC_STRINGS = YES;
				SWIFT_VERSION = 5.0;
				TARGETED_DEVICE_FAMILY = "1,2";
			};
			name = Debug;
		};
		194B030F2BE55B880030CEC9 /* Release */ = {
			isa = XCBuildConfiguration;
			buildSettings = {
				ASSETCATALOG_COMPILER_APPICON_NAME = AppIcon;
				ASSETCATALOG_COMPILER_GLOBAL_ACCENT_COLOR_NAME = AccentColor;
				CODE_SIGN_STYLE = Automatic;
				CURRENT_PROJECT_VERSION = 1;
				DEVELOPMENT_TEAM = PSWHLPCFB2;
				GENERATE_INFOPLIST_FILE = YES;
				INFOPLIST_FILE = "Products MVVM/Info.plist";
				INFOPLIST_KEY_UIApplicationSupportsIndirectInputEvents = YES;
				INFOPLIST_KEY_UILaunchStoryboardName = LaunchScreen;
				INFOPLIST_KEY_UIMainStoryboardFile = Main;
				INFOPLIST_KEY_UISupportedInterfaceOrientations_iPad = "UIInterfaceOrientationPortrait UIInterfaceOrientationPortraitUpsideDown UIInterfaceOrientationLandscapeLeft UIInterfaceOrientationLandscapeRight";
				INFOPLIST_KEY_UISupportedInterfaceOrientations_iPhone = "UIInterfaceOrientationPortrait UIInterfaceOrientationLandscapeLeft UIInterfaceOrientationLandscapeRight";
				LD_RUNPATH_SEARCH_PATHS = (
					"$(inherited)",
					"@executable_path/Frameworks",
				);
				MARKETING_VERSION = 1.0;
				PRODUCT_BUNDLE_IDENTIFIER = "Preet-Pambhar.Products-MVVM";
				PRODUCT_NAME = "$(TARGET_NAME)";
				SWIFT_EMIT_LOC_STRINGS = YES;
				SWIFT_VERSION = 5.0;
				TARGETED_DEVICE_FAMILY = "1,2";
			};
			name = Release;
		};
/* End XCBuildConfiguration section */

/* Begin XCConfigurationList section */
		194B02F42BE55B840030CEC9 /* Build configuration list for PBXProject "Products MVVM" */ = {
			isa = XCConfigurationList;
			buildConfigurations = (
				194B030B2BE55B880030CEC9 /* Debug */,
				194B030C2BE55B880030CEC9 /* Release */,
			);
			defaultConfigurationIsVisible = 0;
			defaultConfigurationName = Release;
		};
		194B030D2BE55B880030CEC9 /* Build configuration list for PBXNativeTarget "Products MVVM" */ = {
			isa = XCConfigurationList;
			buildConfigurations = (
				194B030E2BE55B880030CEC9 /* Debug */,
				194B030F2BE55B880030CEC9 /* Release */,
			);
			defaultConfigurationIsVisible = 0;
			defaultConfigurationName = Release;
		};
/* End XCConfigurationList section */

/* Begin XCRemoteSwiftPackageReference section */
		194B03292BE60E160030CEC9 /* XCRemoteSwiftPackageReference "Kingfisher" */ = {
			isa = XCRemoteSwiftPackageReference;
			repositoryURL = "https://github.com/onevcat/Kingfisher.git";
			requirement = {
				kind = upToNextMajorVersion;
				minimumVersion = 7.11.0;
			};
		};
/* End XCRemoteSwiftPackageReference section */

/* Begin XCSwiftPackageProductDependency section */
		194B032A2BE60E160030CEC9 /* Kingfisher */ = {
			isa = XCSwiftPackageProductDependency;
			package = 194B03292BE60E160030CEC9 /* XCRemoteSwiftPackageReference "Kingfisher" */;
			productName = Kingfisher;
		};
/* End XCSwiftPackageProductDependency section */
	};
	rootObject = 194B02F12BE55B840030CEC9 /* Project object */;
}
